
Microsoft Visual Studio Solution File, Format Version 12.00
# Visual Studio Version 16
VisualStudioVersion = 16.0.29215.179
MinimumVisualStudioVersion = 10.0.40219.1
Project("{FAE04EC0-301F-11D3-BF4B-00C04F79EFBC}") = "trackApp", "trackApp.csproj", "{226F1293-FFCD-46C0-AC4F-B990F967DEDE}"
EndProject
Global
	GlobalSection(SolutionConfigurationPlatforms) = preSolution
		Debug|Any CPU = Debug|Any CPU
		Release|Any CPU = Release|Any CPU
	EndGlobalSection
	GlobalSection(ProjectConfigurationPlatforms) = postSolution
		{226F1293-FFCD-46C0-AC4F-B990F967DEDE}.Debug|Any CPU.ActiveCfg = Debug|Any CPU
		{226F1293-FFCD-46C0-AC4F-B990F967DEDE}.Debug|Any CPU.Build.0 = Debug|Any CPU
		{226F1293-FFCD-46C0-AC4F-B990F967DEDE}.Release|Any CPU.ActiveCfg = Release|Any CPU
		{226F1293-FFCD-46C0-AC4F-B990F967DEDE}.Release|Any CPU.Build.0 = Release|Any CPU
	EndGlobalSection
	GlobalSection(SolutionProperties) = preSolution
		HideSolutionNode = FALSE
	EndGlobalSection
	GlobalSection(ExtensibilityGlobals) = postSolution
		SolutionGuid = {2699D149-49C8-4068-93C8-30C276D27657}
	EndGlobalSection
EndGlobal
